# THIS IS AN AUTOGENERATED FILE. DO NOT EDIT THIS FILE DIRECTLY.
# yarn lockfile v1


"@babel/runtime@^7.14.5", "@babel/runtime@^7.7.6":
  version "7.19.4"
  resolved "https://registry.npmmirror.com/@babel/runtime/-/runtime-7.19.4.tgz#a42f814502ee467d55b38dd1c256f53a7b885c78"
  integrity sha512-EXpLCrk55f+cYqmHsSR+yD/0gAIMxxA9QK9lnQWzhMCvt+YmoBN7Zx94s++Kv0+unHk39vxNO8t+CMA2WSS3wA==
  dependencies:
    regenerator-runtime "^0.13.4"

"@stencil/core@~2.13.0":
  version "2.13.0"
  resolved "https://registry.npmmirror.com/@stencil/core/-/core-2.13.0.tgz#993fd74a5c7c8fe8af75848ca9df2211cd05b818"
  integrity sha512-EEKHOHgYpg3/iFUKMXTZJjUayRul7sXDwNw0OGgkEOe4t7JWiibDkzUHuruvpbqEydX+z1+ez5K2bMMY76c2wA==

"@stencil/sass@1.5.2":
  version "1.5.2"
  resolved "https://registry.npmmirror.com/@stencil/sass/-/sass-1.5.2.tgz#861dffe90a8d911b6b2af4a36d8928b5264a8646"
  integrity sha512-nJ93pUSylsGsMX0eLmhxh1oEljcUjj5mYjhB9ziCdoaydAdjukrUoqDCC7tdVbOcBo2hKptQyWqCtETnBGYsXQ==

"@tarojs/api@3.5.6":
  version "3.5.6"
  resolved "https://registry.npmmirror.com/@tarojs/api/-/api-3.5.6.tgz#9dac5c4ce47899bec7414524b849ee1c210ccf73"
  integrity sha512-xqurkDz4/Cy8yaeUEEquogo9UogjhCjZWJmdE6Gx/CCooHLiuifyDZ2R2RaM6plQAJzue/MiTA5c6caBmZHCmQ==
  dependencies:
    "@babel/runtime" "^7.14.5"
    "@tarojs/runtime" "3.5.6"

"@tarojs/components@^3.5.6":
  version "3.5.6"
  resolved "https://registry.npmmirror.com/@tarojs/components/-/components-3.5.6.tgz#69423d863f88f24a124d2bc0888320f9446d6299"
  integrity sha512-x2Uxh0/Wd3IRhPbuEKw34VAyZslFFSQzfCSaVYK+CO1w7bLTLU02HEYl1aqV9ls99FB4LInBSfREdqezb/YqLw==
  dependencies:
    "@stencil/core" "~2.13.0"
    "@stencil/sass" "1.5.2"
    "@tarojs/router" "3.5.6"
    "@tarojs/taro" "3.5.6"
    better-scroll "^1.14.1"
    classnames "^2.2.5"
    hls.js "^1.1.5"
    intersection-observer "^0.7.0"
    resolve-pathname "^3.0.0"
    swiper "6.8.0"
    weui "^1.1.2"

"@tarojs/router@3.5.6", "@tarojs/router@^3.5.6":
  version "3.5.6"
  resolved "https://registry.npmmirror.com/@tarojs/router/-/router-3.5.6.tgz#e823ac4c0f20017550544ca217e9a30b262a65fb"
  integrity sha512-hDHEXFN8MxExb6Zx8R7a3aT5sYIQMcaEKZ8Jydhr6P8eJsTeqsaR99EJwDXLkC8q7tKqmTSKUgEVIaD73W93nA==
  dependencies:
    "@tarojs/runtime" "3.5.6"
    "@tarojs/taro" "3.5.6"
    dingtalk-jsapi "~2.15.2"
    history "^5.1.0"
    mobile-detect "^1.4.2"
    query-string "^7.1.1"
    universal-router "^8.3.0"

"@tarojs/runtime@3.5.6":
  version "3.5.6"
  resolved "https://registry.npmmirror.com/@tarojs/runtime/-/runtime-3.5.6.tgz#dc8de7703525cc7cdd271e558a6591546daf6738"
  integrity sha512-Ll+dI9WzLsX1BsqN6TD9qJE1LjPjNdmKMYyAemxWNIpDWTPJf18nuSm1gd7nk9XTxtTpbgkyd7JzAddnan7Z/A==
  dependencies:
    "@tarojs/shared" "3.5.6"
    lodash-es "4.17.21"

"@tarojs/shared@3.5.6":
  version "3.5.6"
  resolved "https://registry.npmmirror.com/@tarojs/shared/-/shared-3.5.6.tgz#19b61872fcae5062fd2ad3ee80e9304b766f867d"
  integrity sha512-KA34ZwJzWsAdaQ6C/c7PBUG1CIkJ1PpqcniO7DuGeirgYF5YVTntAGR2LOATmZfVN/VdRCSW7ld9P2c6img36Q==

"@tarojs/taro-alipay@2.1.0":
  version "2.1.0"
  resolved "https://registry.npmmirror.com/@tarojs/taro-alipay/-/taro-alipay-2.1.0.tgz#293ad0ef19165619a6495cfca5158121ea8bbdd6"
  integrity sha512-10jHTOJvS8g8ImOKGxVWsI3EjNAdVywVpPz5NkPzffPYRACQiwbQUp2fiVTOMqm8/JoaAEY2ZZhu6Pr5QFWXmg==
  dependencies:
    "@tarojs/taro" "2.1.0"
    "@tarojs/utils" "2.1.0"
    lodash "^4.17.10"
    prop-types "^15.6.1"

"@tarojs/taro-h5@2.1.0":
  version "2.1.0"
  resolved "https://registry.npmmirror.com/@tarojs/taro-h5/-/taro-h5-2.1.0.tgz#f1675286b85dda80d615625db892540b0c523ff4"
  integrity sha512-IZQxhF9ck028+8yE0Ht/FrEZbdmaUoKHWC9DPhOj7RzuLUbsbkXYvpU5oFl41s/fAm5pdVtTo3t8SO09gLAFZQ==
  dependencies:
    base64-js "^1.3.0"
    jsonp-retry "^1.0.3"
    mobile-detect "^1.4.2"
    raf "^3.4.1"
    whatwg-fetch "^2.0.4"

"@tarojs/taro-weapp@2.1.0":
  version "2.1.0"
  resolved "https://registry.npmmirror.com/@tarojs/taro-weapp/-/taro-weapp-2.1.0.tgz#3ebb4a24d33cd6d0e8805cc7471227f846f33170"
  integrity sha512-eRdPc+rmEbu5ke6XX5j7YEnIX0rSP6RRzEO1B7wovHYDpgFnvLedzGG95LSRr7BDxwkiC3M+PwLz3z5T6TH83w==
  dependencies:
    "@tarojs/taro" "2.1.0"
    "@tarojs/utils" "2.1.0"
    lodash "^4.17.10"
    prop-types "^15.6.1"

"@tarojs/taro@2.1.0":
  version "2.1.0"
  resolved "https://registry.npmmirror.com/@tarojs/taro/-/taro-2.1.0.tgz#0e07d1a6298a46cb9f0c9d10c4d05be5b4ef8892"
  integrity sha512-qprmtTovr2g1Y8lfvzKbwaj4rERnorn1pjfClDNX8JUDV7cqXbrZteJgz5K1ZhjSCfmFm+o3NkXd9zhmHp59mw==
  dependencies:
    "@tarojs/utils" "2.1.0"

"@tarojs/taro@3.5.6", "@tarojs/taro@^3.5.6":
  version "3.5.6"
  resolved "https://registry.npmmirror.com/@tarojs/taro/-/taro-3.5.6.tgz#a3427585436d28aaf7648d2f4a4639345a2e78ed"
  integrity sha512-dq2RH2EaROjMXafgxIMRTycll289QhtzWeu8WZQiXwL3Ven5vRV7OKCVxiJjb/vdBQ8jsXQcBT4Hg9ZfNOUsYA==
  dependencies:
    "@tarojs/api" "3.5.6"
    "@tarojs/runtime" "3.5.6"

"@tarojs/utils@2.1.0":
  version "2.1.0"
  resolved "https://registry.npmmirror.com/@tarojs/utils/-/utils-2.1.0.tgz#7e7527937f0b5a0d51a3bc82d4c8a2d73c01897b"
  integrity sha512-Y+bkeotCVujudIf4MehfU5qIhYC2HsV16AK3KjgnfXmhL7mo0sbytnwnpTFkza6nc5YDyQ9YPYKuf6btO+uOKA==

"@types/classnames@^2.2.10":
  version "2.3.1"
  resolved "https://registry.npmmirror.com/@types/classnames/-/classnames-2.3.1.tgz#3c2467aa0f1a93f1f021e3b9bcf938bd5dfdc0dd"
  integrity sha512-zeOWb0JGBoVmlQoznvqXbE0tEC/HONsnoUNH19Hc96NFsTAwTXbTqb8FMYkru1F/iqp7a18Ws3nWJvtA1sHD1A==
  dependencies:
    classnames "*"

"@types/prop-types@*":
  version "15.7.5"
  resolved "https://registry.npmmirror.com/@types/prop-types/-/prop-types-15.7.5.tgz#5f19d2b85a98e9558036f6a3cacc8819420f05cf"
  integrity sha512-JCB8C6SnDoQf0cNycqd/35A7MjcnK+ZTqE7judS6o7utxUCg6imJg3QK2qzHKszlTjcj2cn+NwMB2i96ubpj7w==

"@types/react@^16.0.0":
  version "16.14.32"
  resolved "https://registry.npmmirror.com/@types/react/-/react-16.14.32.tgz#d4e4fe5ece3c27fcb4608b1f4a614f7dec881392"
  integrity sha512-hvEy4vGVADbtj/U6+CA5SRC5QFIjdxD7JslAie8EuAYZwhYY9bgforpXNyF1VFzhnkEOesDy1278t1wdjN74cw==
  dependencies:
    "@types/prop-types" "*"
    "@types/scheduler" "*"
    csstype "^3.0.2"

"@types/scheduler@*":
  version "0.16.2"
  resolved "https://registry.npmmirror.com/@types/scheduler/-/scheduler-0.16.2.tgz#1a62f89525723dde24ba1b01b092bf5df8ad4d39"
  integrity sha512-hppQEBDmlwhFAXKJX2KnWLYu5yMfi91yazPb2l+lbJiwW+wdo1gNeRA+3RgNSO39WYX2euey41KEwnqesU2Jew==

babel-runtime@^6.0.0:
  version "6.26.0"
  resolved "https://registry.npmmirror.com/babel-runtime/-/babel-runtime-6.26.0.tgz#965c7058668e82b55d7bfe04ff2337bc8b5647fe"
  integrity sha512-ITKNuq2wKlW1fJg9sSW52eepoYgZBggvOAHC0u/CYu/qxQ9EVzThCgR69BnSXLHjy2f7SY5zaQ4yt7H9ZVxY2g==
  dependencies:
    core-js "^2.4.0"
    regenerator-runtime "^0.11.0"

base64-js@^1.3.0:
  version "1.5.1"
  resolved "https://registry.npmmirror.com/base64-js/-/base64-js-1.5.1.tgz#1b1b440160a5bf7ad40b650f095963481903930a"
  integrity sha512-AKpaYlHn8t4SVbOHCy+b5+KKgvR4vrsD8vbvrbiQJps7fKDTkjkDry6ji0rUJjC0kzbNePLwzxq8iypo41qeWA==

better-scroll@^1.14.1:
  version "1.15.2"
  resolved "https://registry.npmmirror.com/better-scroll/-/better-scroll-1.15.2.tgz#65ffc6058b8b4ff337b8dfad4bcb334d7699ceb6"
  integrity sha512-sSY2N8I9/B+YX/9JpIz6pMQYnmBuvspBqZG4UxYaQEfz/ZWrnxwdyKLL4t6IKpFmxqtZadVypXw7vSSHxBZpBQ==
  dependencies:
    babel-runtime "^6.0.0"

classnames@*, classnames@^2.2.5, classnames@^2.2.6:
  version "2.3.2"
  resolved "https://registry.npmmirror.com/classnames/-/classnames-2.3.2.tgz#351d813bf0137fcc6a76a16b88208d2560a0d924"
  integrity sha512-CSbhY4cFEJRe6/GQzIk5qXZ4Jeg5pcsP7b5peFSDpffpe1cqjASH/n9UTjBwOp6XpMSTwQ8Za2K5V02ueA7Tmw==

core-js@^2.4.0:
  version "2.6.12"
  resolved "https://registry.npmmirror.com/core-js/-/core-js-2.6.12.tgz#d9333dfa7b065e347cc5682219d6f690859cc2ec"
  integrity sha512-Kb2wC0fvsWfQrgk8HU5lW6U/Lcs8+9aaYcy4ZFc6DDlo4nZ7n70dEgE5rtR0oG6ufKDUnrwfWL1mXR5ljDatrQ==

csstype@^3.0.2:
  version "3.1.1"
  resolved "https://registry.npmmirror.com/csstype/-/csstype-3.1.1.tgz#841b532c45c758ee546a11d5bd7b7b473c8c30b9"
  integrity sha512-DJR/VvkAvSZW9bTouZue2sSxDwdTN92uHjqeKVm+0dAqdfNykRzQ95tay8aXMBAAPpUiq4Qcug2L7neoRh2Egw==

decode-uri-component@^0.2.0:
  version "0.2.0"
  resolved "https://registry.npmmirror.com/decode-uri-component/-/decode-uri-component-0.2.0.tgz#eb3913333458775cb84cd1a1fae062106bb87545"
  integrity sha512-hjf+xovcEn31w/EUYdTXQh/8smFL/dzYjohQGEIgjyNavaJfBY2p5F527Bo1VPATxv0VYTUC2bOcXvqFwk78Og==

dingtalk-jsapi@~2.15.2:
  version "2.15.4"
  resolved "https://registry.npmmirror.com/dingtalk-jsapi/-/dingtalk-jsapi-2.15.4.tgz#95426671568e834993408cb1b05d725f02e9d598"
  integrity sha512-pPETqUhLJYKNZIewnS9hU1/QqcdRbP2Q9sHySimko0C2nm/n9NoakVLtcKwdqgORq1dkPIP/jqv7RnESxhA2bA==
  dependencies:
    promise-polyfill "^7.1.0"

dom7@^3.0.0:
  version "3.0.0"
  resolved "https://registry.npmmirror.com/dom7/-/dom7-3.0.0.tgz#b861ce5d67a6becd7aaa3ad02942ff14b1240331"
  integrity sha512-oNlcUdHsC4zb7Msx7JN3K0Nro1dzJ48knvBOnDPKJ2GV9wl1i5vydJZUSyOfrkKFDZEud/jBsTk92S/VGSAe/g==
  dependencies:
    ssr-window "^3.0.0-alpha.1"

filter-obj@^1.1.0:
  version "1.1.0"
  resolved "https://registry.npmmirror.com/filter-obj/-/filter-obj-1.1.0.tgz#9b311112bc6c6127a16e016c6c5d7f19e0805c5b"
  integrity sha512-8rXg1ZnX7xzy2NGDVkBVaAy+lSlPNwad13BtgSlLuxfIslyt5Vg64U7tFcCt4WS1R0hvtnQybT/IyCkGZ3DpXQ==

history@^5.1.0:
  version "5.3.0"
  resolved "https://registry.npmmirror.com/history/-/history-5.3.0.tgz#1548abaa245ba47992f063a0783db91ef201c73b"
  integrity sha512-ZqaKwjjrAYUYfLG+htGaIIZ4nioX2L70ZUMIFysS3xvBsSG4x/n1V6TXV3N8ZYNuFGlDirFg32T7B6WOUPDYcQ==
  dependencies:
    "@babel/runtime" "^7.7.6"

hls.js@^1.1.5:
  version "1.2.4"
  resolved "https://registry.npmmirror.com/hls.js/-/hls.js-1.2.4.tgz#761d7f700c3da5c1701257c24c1db7ababea14eb"
  integrity sha512-yC3K79Kzq1W+OgjT12JxKMDXv9DbfvulppxmPBl7D04SaTyd2IwWk5eNASQV1mUaPlKbjr16yI9292qpSGo0ig==

intersection-observer@^0.7.0:
  version "0.7.0"
  resolved "https://registry.npmmirror.com/intersection-observer/-/intersection-observer-0.7.0.tgz#ee16bee978db53516ead2f0a8154b09b400bbdc9"
  integrity sha512-Id0Fij0HsB/vKWGeBe9PxeY45ttRiBmhFyyt/geBdDHBYNctMRTE3dC1U3ujzz3lap+hVXlEcVaB56kZP/eEUg==

"js-tokens@^3.0.0 || ^4.0.0":
  version "4.0.0"
  resolved "https://registry.npmmirror.com/js-tokens/-/js-tokens-4.0.0.tgz#19203fb59991df98e3a287050d4647cdeaf32499"
  integrity sha512-RdJUflcE3cUzKiMqQgsCu06FPu9UdIJO0beYbPhHN4k6apgJtifcoCtT9bcxOpYBtpD2kCM6Sbzg4CausW/PKQ==

jsonp-retry@^1.0.3:
  version "1.0.3"
  resolved "https://registry.npmmirror.com/jsonp-retry/-/jsonp-retry-1.0.3.tgz#9e6b18b02ec767a621dd44b4e99439a8a43a6419"
  integrity sha512-/jmE9+shtKP+oIt2AWO9Wx+C27NTGpLCEw4QHOqpoV2X6ta374HE9C+EEdgu8r3iLKgFMx7u5j0mCwxWN8UdlA==
  dependencies:
    object-assign "^4.1.1"

lodash-es@4.17.21:
  version "4.17.21"
  resolved "https://registry.npmmirror.com/lodash-es/-/lodash-es-4.17.21.tgz#43e626c46e6591b7750beb2b50117390c609e3ee"
  integrity sha512-mKnC+QJ9pWVzv+C4/U3rRsHapFfHvQFoFB92e52xeyGMcX6/OlIl78je1u8vePzYZSkkogMPJ2yjxxsb89cxyw==

lodash@^4.17.10:
  version "4.17.21"
  resolved "https://registry.npmmirror.com/lodash/-/lodash-4.17.21.tgz#679591c564c3bffaae8454cf0b3df370c3d6911c"
  integrity sha512-v2kDEe57lecTulaDIuNTPy3Ry4gLGJ6Z1O3vE1krgXZNrsQ+LFTGHVxVjcXPs17LhbZVGedAJv8XZ1tvj5FvSg==

loose-envify@^1.1.0, loose-envify@^1.4.0:
  version "1.4.0"
  resolved "https://registry.npmmirror.com/loose-envify/-/loose-envify-1.4.0.tgz#71ee51fa7be4caec1a63839f7e682d8132d30caf"
  integrity sha512-lyuxPGr/Wfhrlem2CL/UcnUc1zcqKAImBDzukY7Y5F/yQiNdko6+fRLevlw1HgMySw7f611UIY408EtxRSoK3Q==
  dependencies:
    js-tokens "^3.0.0 || ^4.0.0"

mobile-detect@^1.4.2:
  version "1.4.5"
  resolved "https://registry.npmmirror.com/mobile-detect/-/mobile-detect-1.4.5.tgz#da393c3c413ca1a9bcdd9ced653c38281c0fb6ad"
  integrity sha512-yc0LhH6tItlvfLBugVUEtgawwFU2sIe+cSdmRJJCTMZ5GEJyLxNyC/NIOAOGk67Fa8GNpOttO3Xz/1bHpXFD/g==

nerv-shared@1.4.0:
  version "1.4.0"
  resolved "https://registry.npmmirror.com/nerv-shared/-/nerv-shared-1.4.0.tgz#4ae903f215888ab886b3d04ae3b95d5327e67f43"
  integrity sha512-cCyeP1hnnnMfM5HRcmMKconGwI8Wl0xwekAU4DvqDC1M8NxCOF4TwDmedgdgyNt9EkWNbiotBRUV5zJsbfOQWA==

nerv-utils@1.4.5:
  version "1.4.5"
  resolved "https://registry.npmmirror.com/nerv-utils/-/nerv-utils-1.4.5.tgz#3e017a8a1b605b35ee31ad396a038207fbc597b0"
  integrity sha512-9XeifC0l+aDXhA0aXcklxS2o7o87xJxMQAl1+iIHrD5Sei/61ubap0oOzb4t9VMhSEvwWm4/rJRd8PGMKZiwiA==

nervjs@^1.5.5:
  version "1.5.7"
  resolved "https://registry.npmmirror.com/nervjs/-/nervjs-1.5.7.tgz#29798a8e1473b33329b9d2af4022d8818c7ff4cd"
  integrity sha512-x+hGSOETqA+7lbChW+c/NIXEMrCCvm6IaEHlDbZmaNVX0TAyKZinRIHcYr7o5K/pA4qGWjJQmjoNyx+Mx+rVLg==
  dependencies:
    nerv-shared "1.4.0"
    nerv-utils "1.4.5"

object-assign@^4.1.1:
  version "4.1.1"
  resolved "https://registry.npmmirror.com/object-assign/-/object-assign-4.1.1.tgz#2109adc7965887cfc05cbbd442cac8bfbb360863"
  integrity sha512-rJgTQnkUnH1sFw8yT6VSU3zD3sWmu6sZhIseY8VX+GRu3P6F7Fu+JNDoXfklElbLJSnc3FUQHVe4cU5hj+BcUg==

path-to-regexp@^3.1.0:
  version "3.2.0"
  resolved "https://registry.npmmirror.com/path-to-regexp/-/path-to-regexp-3.2.0.tgz#fa7877ecbc495c601907562222453c43cc204a5f"
  integrity sha512-jczvQbCUS7XmS7o+y1aEO9OBVFeZBQ1MDSEqmO7xSoPgOPoowY/SxLpZ6Vh97/8qHZOteiCKb7gkG9gA2ZUxJA==

performance-now@^2.1.0:
  version "2.1.0"
  resolved "https://registry.npmmirror.com/performance-now/-/performance-now-2.1.0.tgz#6309f4e0e5fa913ec1c69307ae364b4b377c9e7b"
  integrity sha512-7EAHlyLHI56VEIdK57uwHdHKIaAGbnXPiw0yWbarQZOKaKpvUIgW0jWRVLiatnM+XXlSwsanIBH/hzGMJulMow==

promise-polyfill@^7.1.0:
  version "7.1.2"
  resolved "https://registry.npmmirror.com/promise-polyfill/-/promise-polyfill-7.1.2.tgz#ab05301d8c28536301622d69227632269a70ca3b"
  integrity sha512-FuEc12/eKqqoRYIGBrUptCBRhobL19PS2U31vMNTfyck1FxPyMfgsXyW4Mav85y/ZN1hop3hOwRlUDok23oYfQ==

prop-types@^15.6.1, prop-types@^15.6.2:
  version "15.8.1"
  resolved "https://registry.npmmirror.com/prop-types/-/prop-types-15.8.1.tgz#67d87bf1a694f48435cf332c24af10214a3140b5"
  integrity sha512-oj87CgZICdulUohogVAR7AjlC0327U4el4L6eAvOqCeudMDVU0NThNaV+b9Df4dXgSP1gXMTnPdhfe/2qDH5cg==
  dependencies:
    loose-envify "^1.4.0"
    object-assign "^4.1.1"
    react-is "^16.13.1"

query-string@^7.1.1:
  version "7.1.1"
  resolved "https://registry.npmmirror.com/query-string/-/query-string-7.1.1.tgz#754620669db978625a90f635f12617c271a088e1"
  integrity sha512-MplouLRDHBZSG9z7fpuAAcI7aAYjDLhtsiVZsevsfaHWDS2IDdORKbSd1kWUA+V4zyva/HZoSfpwnYMMQDhb0w==
  dependencies:
    decode-uri-component "^0.2.0"
    filter-obj "^1.1.0"
    split-on-first "^1.0.0"
    strict-uri-encode "^2.0.0"

raf@^3.4.1:
  version "3.4.1"
  resolved "https://registry.npmmirror.com/raf/-/raf-3.4.1.tgz#0742e99a4a6552f445d73e3ee0328af0ff1ede39"
  integrity sha512-Sq4CW4QhwOHE8ucn6J34MqtZCeWFP2aQSmrlroYgqAV1PjStIhJXxYuTgUIfkEk7zTLjmIjLmU5q+fbD1NnOJA==
  dependencies:
    performance-now "^2.1.0"

react-is@^16.13.1:
  version "16.13.1"
  resolved "https://registry.npmmirror.com/react-is/-/react-is-16.13.1.tgz#789729a4dc36de2999dc156dd6c1d9c18cea56a4"
  integrity sha512-24e6ynE2H+OKt4kqsOvNd8kBpV65zoxbA4BVsEOB3ARVWQki/DHzaUoC5KuON/BiccDaCCTZBuOcfZs70kR8bQ==

react@16.8.3:
  version "16.8.3"
  resolved "https://registry.npmmirror.com/react/-/react-16.8.3.tgz#c6f988a2ce895375de216edcfaedd6b9a76451d9"
  integrity sha512-3UoSIsEq8yTJuSu0luO1QQWYbgGEILm+eJl2QN/VLDi7hL+EN18M3q3oVZwmVzzBJ3DkM7RMdRwBmZZ+b4IzSA==
  dependencies:
    loose-envify "^1.1.0"
    object-assign "^4.1.1"
    prop-types "^15.6.2"
    scheduler "^0.13.3"

regenerator-runtime@^0.11.0:
  version "0.11.1"
  resolved "https://registry.npmmirror.com/regenerator-runtime/-/regenerator-runtime-0.11.1.tgz#be05ad7f9bf7d22e056f9726cee5017fbf19e2e9"
  integrity sha512-MguG95oij0fC3QV3URf4V2SDYGJhJnJGqvIIgdECeODCT98wSWDAJ94SSuVpYQUoTcGUIL6L4yNB7j1DFFHSBg==

regenerator-runtime@^0.13.4:
  version "0.13.10"
  resolved "https://registry.npmmirror.com/regenerator-runtime/-/regenerator-runtime-0.13.10.tgz#ed07b19616bcbec5da6274ebc75ae95634bfc2ee"
  integrity sha512-KepLsg4dU12hryUO7bp/axHAKvwGOCV0sGloQtpagJ12ai+ojVDqkeGSiRX1zlq+kjIMZ1t7gpze+26QqtdGqw==

resolve-pathname@^3.0.0:
  version "3.0.0"
  resolved "https://registry.npmmirror.com/resolve-pathname/-/resolve-pathname-3.0.0.tgz#99d02224d3cf263689becbb393bc560313025dcd"
  integrity sha512-C7rARubxI8bXFNB/hqcp/4iUeIXJhJZvFPFPiSPRnhU5UPxzMFIl+2E6yY6c4k9giDJAhtV+enfA+G89N6Csng==

scheduler@^0.13.3:
  version "0.13.6"
  resolved "https://registry.npmmirror.com/scheduler/-/scheduler-0.13.6.tgz#466a4ec332467b31a91b9bf74e5347072e4cd889"
  integrity sha512-IWnObHt413ucAYKsD9J1QShUKkbKLQQHdxRyw73sw4FN26iWr3DY/H34xGPe4nmL1DwXyWmSWmMrA9TfQbE/XQ==
  dependencies:
    loose-envify "^1.1.0"
    object-assign "^4.1.1"

split-on-first@^1.0.0:
  version "1.1.0"
  resolved "https://registry.npmmirror.com/split-on-first/-/split-on-first-1.1.0.tgz#f610afeee3b12bce1d0c30425e76398b78249a5f"
  integrity sha512-43ZssAJaMusuKWL8sKUBQXHWOpq8d6CfN/u1p4gUzfJkM05C8rxTmYrkIPTXapZpORA6LkkzcUulJ8FqA7Uudw==

ssr-window@^3.0.0, ssr-window@^3.0.0-alpha.1:
  version "3.0.0"
  resolved "https://registry.npmmirror.com/ssr-window/-/ssr-window-3.0.0.tgz#fd5b82801638943e0cc704c4691801435af7ac37"
  integrity sha512-q+8UfWDg9Itrg0yWK7oe5p/XRCJpJF9OBtXfOPgSJl+u3Xd5KI328RUEvUqSMVM9CiQUEf1QdBzJMkYGErj9QA==

strict-uri-encode@^2.0.0:
  version "2.0.0"
  resolved "https://registry.npmmirror.com/strict-uri-encode/-/strict-uri-encode-2.0.0.tgz#b9c7330c7042862f6b142dc274bbcc5866ce3546"
  integrity sha512-QwiXZgpRcKkhTj2Scnn++4PKtWsH0kpzZ62L2R6c/LUVYv7hVnZqcg2+sMuT6R7Jusu1vviK/MFsu6kNJfWlEQ==

swiper@6.8.0:
  version "6.8.0"
  resolved "https://registry.npmmirror.com/swiper/-/swiper-6.8.0.tgz#61c850f49ba778e403f00a01fe0b768bd85d0d20"
  integrity sha512-6H3e7VOihasMp8sPXNhRDkc61UD0XeFlefbWfUHecBLBTtmA+9WxJiKDBMdzgetK1cny+5+mKfVcsmxYgnEDSw==
  dependencies:
    dom7 "^3.0.0"
    ssr-window "^3.0.0"

universal-router@^8.3.0:
  version "8.3.0"
  resolved "https://registry.npmmirror.com/universal-router/-/universal-router-8.3.0.tgz#533bce135d7b1abf591421c5d2028d54407a34a0"
  integrity sha512-cBkihRoHvRQAjdUnDE1GGuuw/TPAIi8z2pEsSmUVAWLeZdgjHzzAb1+0VOO6NvBOvySItOTQikzaGlRxRdJBnA==
  dependencies:
    path-to-regexp "^3.1.0"

weui@^1.1.2:
  version "1.1.3"
  resolved "https://registry.npmmirror.com/weui/-/weui-1.1.3.tgz#0f0899bb61bb2ec603b2648367a8139298f81514"
  integrity sha512-vC6eWUvG1MYoE8yLsvBBmLB2+4DZWynQOL47MUscHMwPVltOZPGsiRb2PE7y3z+w3ElF1SsmJsyhr40wiXgP5A==

whatwg-fetch@^2.0.4:
  version "2.0.4"
  resolved "https://registry.npmmirror.com/whatwg-fetch/-/whatwg-fetch-2.0.4.tgz#dde6a5df315f9d39991aa17621853d720b85566f"
  integrity sha512-dcQ1GWpOD/eEQ97k66aiEVpNnapVj90/+R+SXTPYGHpYBBypfKJEQjLrvMZ7YXbKm21gXd4NcuxUTjiv1YtLng==
