# THIS IS AN AUTOGENERATED FILE. DO NOT EDIT THIS FILE DIRECTLY.
# yarn lockfile v1


"@babel/runtime@^7.14.5", "@babel/runtime@^7.7.6":
  version "7.26.7"
  resolved "https://registry.yarnpkg.com/@babel/runtime/-/runtime-7.26.7.tgz#f4e7fe527cd710f8dc0618610b61b4b060c3c341"
  integrity sha512-AOPI3D+a8dXnja+iwsUqGRjr1BbZIe771sXdapOtYI531gSqpi92vXivKcq2asu/DFpdl1ceFAKZyRzK2PCVcQ==
  dependencies:
    regenerator-runtime "^0.14.0"

"@stencil/core@^2.22.2":
  version "2.22.3"
  resolved "https://registry.yarnpkg.com/@stencil/core/-/core-2.22.3.tgz#83987e20bba855c450f6d6780e3a20192603f13f"
  integrity sha512-kmVA0M/HojwsfkeHsifvHVIYe4l5tin7J5+DLgtl8h6WWfiMClND5K3ifCXXI2ETDNKiEk21p6jql3Fx9o2rng==

"@tarojs/api@3.6.35":
  version "3.6.35"
  resolved "https://registry.yarnpkg.com/@tarojs/api/-/api-3.6.35.tgz#45bfa3046af747255aa57d21e56f2b5532fff096"
  integrity sha512-RTyI09J2kgQBhjd0H/JtFsWygFIGYUFly88qm+ozQWxsgr9BTOSDpb94eQ/i9OZNFEXxGk8EGk1aLeoqKYOSaw==
  dependencies:
    "@babel/runtime" "^7.14.5"
    "@tarojs/runtime" "3.6.35"
    "@tarojs/shared" "3.6.35"

"@tarojs/components-advanced@3.6.35":
  version "3.6.35"
  resolved "https://registry.yarnpkg.com/@tarojs/components-advanced/-/components-advanced-3.6.35.tgz#49946e438b57a1f454d8591e72fe3130da430dc0"
  integrity sha512-siUASvMvfPDO23tqh9KZyMQJrxDvVNVz6pKuipv015GOKFHkYUqWbVPG0qXgWvnkV+3SN/ZPLv6H78D2AYW7RA==
  dependencies:
    "@tarojs/components" "3.6.35"
    classnames "^2.2.5"
    csstype "^3.1.1"
    memoize-one "^6.0.0"
    postcss "^8.4.18"
    tslib "^2.6.2"

"@tarojs/components@3.6.35", "@tarojs/components@^3.5.6":
  version "3.6.35"
  resolved "https://registry.yarnpkg.com/@tarojs/components/-/components-3.6.35.tgz#c77fbcfee1c765a11d298d326d3ae5699c1b61b6"
  integrity sha512-zA11kn88LJYQxuNL+8PlLjU7xz9M8YxIo2qXVQmwrU5aXyZALIYaVhoaZ5/kRQEioJU+Cr9p4psP6J95FiBB9w==
  dependencies:
    "@stencil/core" "^2.22.2"
    "@tarojs/components-advanced" "3.6.35"
    "@tarojs/taro" "3.6.35"
    classnames "^2.2.5"
    hammerjs "^2.0.8"
    hls.js "^1.1.5"
    resolve-pathname "^3.0.0"
    swiper "6.8.0"
    tslib "^2.6.2"

"@tarojs/router@^3.5.6":
  version "3.6.35"
  resolved "https://registry.yarnpkg.com/@tarojs/router/-/router-3.6.35.tgz#3be3071ddc45f2362300faf09a4114da4212fdc9"
  integrity sha512-6SH1e2WySUZVrpDgKFKBRUTj7ngQGzfMAxKITNnE+f4pexavqDLpXPZwTRNdd7SihnBPbgqYwIasOfm8+ph4vw==
  dependencies:
    dingtalk-jsapi "~2.15.2"
    history "^5.1.0"
    mobile-detect "^1.4.2"
    query-string "^7.1.1"
    tslib "^2.6.2"
    universal-router "^8.3.0"

"@tarojs/runtime@3.6.35":
  version "3.6.35"
  resolved "https://registry.yarnpkg.com/@tarojs/runtime/-/runtime-3.6.35.tgz#f807b3278dc412681c1081793da5d1edaf881482"
  integrity sha512-W8DbKfsChflWoSplYYf8IcWEemjPt6lwTATJn0YzLqSAWhtVfsQ8I5+Dw8qZVzdBxUwJI6WEywOgDgfxUQ0EEg==
  dependencies:
    lodash-es "4.17.21"
    tslib "^2.6.2"

"@tarojs/shared@3.6.35":
  version "3.6.35"
  resolved "https://registry.yarnpkg.com/@tarojs/shared/-/shared-3.6.35.tgz#dd673674f7ab0c8229251cd797036557fcf9ccac"
  integrity sha512-QqqxEtGAD9QMl62iXHANMYvKntEnx5srdr7xEqOYt21UJode81yv05eIyQ8NEOdmtXXkHJuzXPxivldSSTVDIg==

"@tarojs/taro-alipay@2.1.0":
  version "2.1.0"
  resolved "https://registry.yarnpkg.com/@tarojs/taro-alipay/-/taro-alipay-2.1.0.tgz#293ad0ef19165619a6495cfca5158121ea8bbdd6"
  integrity sha512-10jHTOJvS8g8ImOKGxVWsI3EjNAdVywVpPz5NkPzffPYRACQiwbQUp2fiVTOMqm8/JoaAEY2ZZhu6Pr5QFWXmg==
  dependencies:
    "@tarojs/taro" "2.1.0"
    "@tarojs/utils" "2.1.0"
    lodash "^4.17.10"
    prop-types "^15.6.1"

"@tarojs/taro-h5@2.1.0":
  version "2.1.0"
  resolved "https://registry.yarnpkg.com/@tarojs/taro-h5/-/taro-h5-2.1.0.tgz#f1675286b85dda80d615625db892540b0c523ff4"
  integrity sha512-IZQxhF9ck028+8yE0Ht/FrEZbdmaUoKHWC9DPhOj7RzuLUbsbkXYvpU5oFl41s/fAm5pdVtTo3t8SO09gLAFZQ==
  dependencies:
    base64-js "^1.3.0"
    jsonp-retry "^1.0.3"
    mobile-detect "^1.4.2"
    raf "^3.4.1"
    whatwg-fetch "^2.0.4"

"@tarojs/taro-weapp@2.1.0":
  version "2.1.0"
  resolved "https://registry.yarnpkg.com/@tarojs/taro-weapp/-/taro-weapp-2.1.0.tgz#3ebb4a24d33cd6d0e8805cc7471227f846f33170"
  integrity sha512-eRdPc+rmEbu5ke6XX5j7YEnIX0rSP6RRzEO1B7wovHYDpgFnvLedzGG95LSRr7BDxwkiC3M+PwLz3z5T6TH83w==
  dependencies:
    "@tarojs/taro" "2.1.0"
    "@tarojs/utils" "2.1.0"
    lodash "^4.17.10"
    prop-types "^15.6.1"

"@tarojs/taro@2.1.0":
  version "2.1.0"
  resolved "https://registry.yarnpkg.com/@tarojs/taro/-/taro-2.1.0.tgz#0e07d1a6298a46cb9f0c9d10c4d05be5b4ef8892"
  integrity sha512-qprmtTovr2g1Y8lfvzKbwaj4rERnorn1pjfClDNX8JUDV7cqXbrZteJgz5K1ZhjSCfmFm+o3NkXd9zhmHp59mw==
  dependencies:
    "@tarojs/utils" "2.1.0"

"@tarojs/taro@3.6.35", "@tarojs/taro@^3.5.6":
  version "3.6.35"
  resolved "https://registry.yarnpkg.com/@tarojs/taro/-/taro-3.6.35.tgz#bbc055c81f4e10f99da213d662c00ec4908bbf62"
  integrity sha512-yT75itfSXwNN6yHgSm0R1M1QXBfiuhFSd16J3PC39uqGwBMshhkWtEqE1zRBhzHK/sIi4Npjrvo3pnYsHIaCKA==
  dependencies:
    "@tarojs/api" "3.6.35"

"@tarojs/utils@2.1.0":
  version "2.1.0"
  resolved "https://registry.yarnpkg.com/@tarojs/utils/-/utils-2.1.0.tgz#7e7527937f0b5a0d51a3bc82d4c8a2d73c01897b"
  integrity sha512-Y+bkeotCVujudIf4MehfU5qIhYC2HsV16AK3KjgnfXmhL7mo0sbytnwnpTFkza6nc5YDyQ9YPYKuf6btO+uOKA==

"@types/classnames@^2.2.10":
  version "2.3.4"
  resolved "https://registry.yarnpkg.com/@types/classnames/-/classnames-2.3.4.tgz#1a1fdf5023ef216219f13e702543f9ce9b394560"
  integrity sha512-dwmfrMMQb9ujX1uYGvB5ERDlOzBNywnZAZBtOe107/hORWP05ESgU4QyaanZMWYYfd2BzrG78y13/Bju8IQcMQ==
  dependencies:
    classnames "*"

"@types/prop-types@*":
  version "15.7.14"
  resolved "https://registry.yarnpkg.com/@types/prop-types/-/prop-types-15.7.14.tgz#1433419d73b2a7ebfc6918dcefd2ec0d5cd698f2"
  integrity sha512-gNMvNH49DJ7OJYv+KAKn0Xp45p8PLl6zo2YnvDIbTd4J6MER2BmWN49TG7n9LvkyihINxeKW8+3bfS2yDC9dzQ==

"@types/react@^16.0.0":
  version "16.14.62"
  resolved "https://registry.yarnpkg.com/@types/react/-/react-16.14.62.tgz#449e4e81caaf132d0c2c390644e577702db1dd9e"
  integrity sha512-BWf7hqninZav6nerxXj+NeZT/mTpDeG6Lk2zREHAy63CrnXoOGPGtNqTFYFN/sqpSaREDP5otVV88axIXmKfGA==
  dependencies:
    "@types/prop-types" "*"
    "@types/scheduler" "^0.16"
    csstype "^3.0.2"

"@types/scheduler@^0.16":
  version "0.16.8"
  resolved "https://registry.yarnpkg.com/@types/scheduler/-/scheduler-0.16.8.tgz#ce5ace04cfeabe7ef87c0091e50752e36707deff"
  integrity sha512-WZLiwShhwLRmeV6zH+GkbOFT6Z6VklCItrDioxUnv+u4Ll+8vKeFySoFyK/0ctcRpOmwAicELfmys1sDc/Rw+A==

base64-js@^1.3.0:
  version "1.5.1"
  resolved "https://registry.yarnpkg.com/base64-js/-/base64-js-1.5.1.tgz#1b1b440160a5bf7ad40b650f095963481903930a"
  integrity sha512-AKpaYlHn8t4SVbOHCy+b5+KKgvR4vrsD8vbvrbiQJps7fKDTkjkDry6ji0rUJjC0kzbNePLwzxq8iypo41qeWA==

classnames@*, classnames@^2.2.5, classnames@^2.2.6:
  version "2.5.1"
  resolved "https://registry.yarnpkg.com/classnames/-/classnames-2.5.1.tgz#ba774c614be0f016da105c858e7159eae8e7687b"
  integrity sha512-saHYOzhIQs6wy2sVxTM6bUDsQO4F50V9RQ22qBpEdCW+I+/Wmke2HOl6lS6dTpdxVhb88/I6+Hs+438c3lfUow==

csstype@^3.0.2, csstype@^3.1.1:
  version "3.1.3"
  resolved "https://registry.yarnpkg.com/csstype/-/csstype-3.1.3.tgz#d80ff294d114fb0e6ac500fbf85b60137d7eff81"
  integrity sha512-M1uQkMl8rQK/szD0LNhtqxIPLpimGm8sOBwU7lLnCpSbTyY3yeU1Vc7l4KT5zT4s/yOxHH5O7tIuuLOCnLADRw==

decode-uri-component@^0.2.2:
  version "0.2.2"
  resolved "https://registry.yarnpkg.com/decode-uri-component/-/decode-uri-component-0.2.2.tgz#e69dbe25d37941171dd540e024c444cd5188e1e9"
  integrity sha512-FqUYQ+8o158GyGTrMFJms9qh3CqTKvAqgqsTnkLI8sKu0028orqBhxNMFkFen0zGyg6epACD32pjVk58ngIErQ==

dingtalk-jsapi@~2.15.2:
  version "2.15.4"
  resolved "https://registry.yarnpkg.com/dingtalk-jsapi/-/dingtalk-jsapi-2.15.4.tgz#95426671568e834993408cb1b05d725f02e9d598"
  integrity sha512-pPETqUhLJYKNZIewnS9hU1/QqcdRbP2Q9sHySimko0C2nm/n9NoakVLtcKwdqgORq1dkPIP/jqv7RnESxhA2bA==
  dependencies:
    promise-polyfill "^7.1.0"

dom7@^3.0.0:
  version "3.0.0"
  resolved "https://registry.yarnpkg.com/dom7/-/dom7-3.0.0.tgz#b861ce5d67a6becd7aaa3ad02942ff14b1240331"
  integrity sha512-oNlcUdHsC4zb7Msx7JN3K0Nro1dzJ48knvBOnDPKJ2GV9wl1i5vydJZUSyOfrkKFDZEud/jBsTk92S/VGSAe/g==
  dependencies:
    ssr-window "^3.0.0-alpha.1"

filter-obj@^1.1.0:
  version "1.1.0"
  resolved "https://registry.yarnpkg.com/filter-obj/-/filter-obj-1.1.0.tgz#9b311112bc6c6127a16e016c6c5d7f19e0805c5b"
  integrity sha512-8rXg1ZnX7xzy2NGDVkBVaAy+lSlPNwad13BtgSlLuxfIslyt5Vg64U7tFcCt4WS1R0hvtnQybT/IyCkGZ3DpXQ==

hammerjs@^2.0.8:
  version "2.0.8"
  resolved "https://registry.yarnpkg.com/hammerjs/-/hammerjs-2.0.8.tgz#04ef77862cff2bb79d30f7692095930222bf60f1"
  integrity sha512-tSQXBXS/MWQOn/RKckawJ61vvsDpCom87JgxiYdGwHdOa0ht0vzUWDlfioofFCRU0L+6NGDt6XzbgoJvZkMeRQ==

history@^5.1.0:
  version "5.3.0"
  resolved "https://registry.yarnpkg.com/history/-/history-5.3.0.tgz#1548abaa245ba47992f063a0783db91ef201c73b"
  integrity sha512-ZqaKwjjrAYUYfLG+htGaIIZ4nioX2L70ZUMIFysS3xvBsSG4x/n1V6TXV3N8ZYNuFGlDirFg32T7B6WOUPDYcQ==
  dependencies:
    "@babel/runtime" "^7.7.6"

hls.js@^1.1.5:
  version "1.5.20"
  resolved "https://registry.yarnpkg.com/hls.js/-/hls.js-1.5.20.tgz#7eb23bb5e2595311d4e2761038ca6882673de7e2"
  integrity sha512-uu0VXUK52JhihhnN/MVVo1lvqNNuhoxkonqgO3IpjvQiGpJBdIXMGkofjQb/j9zvV7a1SW8U9g1FslWx/1HOiQ==

"js-tokens@^3.0.0 || ^4.0.0":
  version "4.0.0"
  resolved "https://registry.yarnpkg.com/js-tokens/-/js-tokens-4.0.0.tgz#19203fb59991df98e3a287050d4647cdeaf32499"
  integrity sha512-RdJUflcE3cUzKiMqQgsCu06FPu9UdIJO0beYbPhHN4k6apgJtifcoCtT9bcxOpYBtpD2kCM6Sbzg4CausW/PKQ==

jsonp-retry@^1.0.3:
  version "1.0.3"
  resolved "https://registry.yarnpkg.com/jsonp-retry/-/jsonp-retry-1.0.3.tgz#9e6b18b02ec767a621dd44b4e99439a8a43a6419"
  integrity sha512-/jmE9+shtKP+oIt2AWO9Wx+C27NTGpLCEw4QHOqpoV2X6ta374HE9C+EEdgu8r3iLKgFMx7u5j0mCwxWN8UdlA==
  dependencies:
    object-assign "^4.1.1"

lodash-es@4.17.21:
  version "4.17.21"
  resolved "https://registry.yarnpkg.com/lodash-es/-/lodash-es-4.17.21.tgz#43e626c46e6591b7750beb2b50117390c609e3ee"
  integrity sha512-mKnC+QJ9pWVzv+C4/U3rRsHapFfHvQFoFB92e52xeyGMcX6/OlIl78je1u8vePzYZSkkogMPJ2yjxxsb89cxyw==

lodash@^4.17.10:
  version "4.17.21"
  resolved "https://registry.yarnpkg.com/lodash/-/lodash-4.17.21.tgz#679591c564c3bffaae8454cf0b3df370c3d6911c"
  integrity sha512-v2kDEe57lecTulaDIuNTPy3Ry4gLGJ6Z1O3vE1krgXZNrsQ+LFTGHVxVjcXPs17LhbZVGedAJv8XZ1tvj5FvSg==

loose-envify@^1.1.0, loose-envify@^1.4.0:
  version "1.4.0"
  resolved "https://registry.yarnpkg.com/loose-envify/-/loose-envify-1.4.0.tgz#71ee51fa7be4caec1a63839f7e682d8132d30caf"
  integrity sha512-lyuxPGr/Wfhrlem2CL/UcnUc1zcqKAImBDzukY7Y5F/yQiNdko6+fRLevlw1HgMySw7f611UIY408EtxRSoK3Q==
  dependencies:
    js-tokens "^3.0.0 || ^4.0.0"

memoize-one@^6.0.0:
  version "6.0.0"
  resolved "https://registry.yarnpkg.com/memoize-one/-/memoize-one-6.0.0.tgz#b2591b871ed82948aee4727dc6abceeeac8c1045"
  integrity sha512-rkpe71W0N0c0Xz6QD0eJETuWAJGnJ9afsl1srmwPrI+yBCkge5EycXXbYRyvL29zZVUWQCY7InPRCv3GDXuZNw==

mobile-detect@^1.4.2:
  version "1.4.5"
  resolved "https://registry.yarnpkg.com/mobile-detect/-/mobile-detect-1.4.5.tgz#da393c3c413ca1a9bcdd9ced653c38281c0fb6ad"
  integrity sha512-yc0LhH6tItlvfLBugVUEtgawwFU2sIe+cSdmRJJCTMZ5GEJyLxNyC/NIOAOGk67Fa8GNpOttO3Xz/1bHpXFD/g==

nanoid@^3.3.8:
  version "3.3.8"
  resolved "https://registry.yarnpkg.com/nanoid/-/nanoid-3.3.8.tgz#b1be3030bee36aaff18bacb375e5cce521684baf"
  integrity sha512-WNLf5Sd8oZxOm+TzppcYk8gVOgP+l58xNy58D0nbUnOxOWRWvlcCV4kUF7ltmI6PsrLl/BgKEyS4mqsGChFN0w==

nerv-shared@1.4.0:
  version "1.4.0"
  resolved "https://registry.yarnpkg.com/nerv-shared/-/nerv-shared-1.4.0.tgz#4ae903f215888ab886b3d04ae3b95d5327e67f43"
  integrity sha512-cCyeP1hnnnMfM5HRcmMKconGwI8Wl0xwekAU4DvqDC1M8NxCOF4TwDmedgdgyNt9EkWNbiotBRUV5zJsbfOQWA==

nerv-utils@1.4.5:
  version "1.4.5"
  resolved "https://registry.yarnpkg.com/nerv-utils/-/nerv-utils-1.4.5.tgz#3e017a8a1b605b35ee31ad396a038207fbc597b0"
  integrity sha512-9XeifC0l+aDXhA0aXcklxS2o7o87xJxMQAl1+iIHrD5Sei/61ubap0oOzb4t9VMhSEvwWm4/rJRd8PGMKZiwiA==

nervjs@^1.5.5:
  version "1.5.7"
  resolved "https://registry.yarnpkg.com/nervjs/-/nervjs-1.5.7.tgz#29798a8e1473b33329b9d2af4022d8818c7ff4cd"
  integrity sha512-x+hGSOETqA+7lbChW+c/NIXEMrCCvm6IaEHlDbZmaNVX0TAyKZinRIHcYr7o5K/pA4qGWjJQmjoNyx+Mx+rVLg==
  dependencies:
    nerv-shared "1.4.0"
    nerv-utils "1.4.5"

object-assign@^4.1.1:
  version "4.1.1"
  resolved "https://registry.yarnpkg.com/object-assign/-/object-assign-4.1.1.tgz#2109adc7965887cfc05cbbd442cac8bfbb360863"
  integrity sha512-rJgTQnkUnH1sFw8yT6VSU3zD3sWmu6sZhIseY8VX+GRu3P6F7Fu+JNDoXfklElbLJSnc3FUQHVe4cU5hj+BcUg==

path-to-regexp@^3.1.0:
  version "3.3.0"
  resolved "https://registry.yarnpkg.com/path-to-regexp/-/path-to-regexp-3.3.0.tgz#f7f31d32e8518c2660862b644414b6d5c63a611b"
  integrity sha512-qyCH421YQPS2WFDxDjftfc1ZR5WKQzVzqsp4n9M2kQhVOo/ByahFoUNJfl58kOcEGfQ//7weFTDhm+ss8Ecxgw==

performance-now@^2.1.0:
  version "2.1.0"
  resolved "https://registry.yarnpkg.com/performance-now/-/performance-now-2.1.0.tgz#6309f4e0e5fa913ec1c69307ae364b4b377c9e7b"
  integrity sha512-7EAHlyLHI56VEIdK57uwHdHKIaAGbnXPiw0yWbarQZOKaKpvUIgW0jWRVLiatnM+XXlSwsanIBH/hzGMJulMow==

picocolors@^1.1.1:
  version "1.1.1"
  resolved "https://registry.yarnpkg.com/picocolors/-/picocolors-1.1.1.tgz#3d321af3eab939b083c8f929a1d12cda81c26b6b"
  integrity sha512-xceH2snhtb5M9liqDsmEw56le376mTZkEX/jEb/RxNFyegNul7eNslCXP9FDj/Lcu0X8KEyMceP2ntpaHrDEVA==

postcss@^8.4.18:
  version "8.5.1"
  resolved "https://registry.yarnpkg.com/postcss/-/postcss-8.5.1.tgz#e2272a1f8a807fafa413218245630b5db10a3214"
  integrity sha512-6oz2beyjc5VMn/KV1pPw8fliQkhBXrVn1Z3TVyqZxU8kZpzEKhBdmCFqI6ZbmGtamQvQGuU1sgPTk8ZrXDD7jQ==
  dependencies:
    nanoid "^3.3.8"
    picocolors "^1.1.1"
    source-map-js "^1.2.1"

promise-polyfill@^7.1.0:
  version "7.1.2"
  resolved "https://registry.yarnpkg.com/promise-polyfill/-/promise-polyfill-7.1.2.tgz#ab05301d8c28536301622d69227632269a70ca3b"
  integrity sha512-FuEc12/eKqqoRYIGBrUptCBRhobL19PS2U31vMNTfyck1FxPyMfgsXyW4Mav85y/ZN1hop3hOwRlUDok23oYfQ==

prop-types@^15.6.1, prop-types@^15.6.2:
  version "15.8.1"
  resolved "https://registry.yarnpkg.com/prop-types/-/prop-types-15.8.1.tgz#67d87bf1a694f48435cf332c24af10214a3140b5"
  integrity sha512-oj87CgZICdulUohogVAR7AjlC0327U4el4L6eAvOqCeudMDVU0NThNaV+b9Df4dXgSP1gXMTnPdhfe/2qDH5cg==
  dependencies:
    loose-envify "^1.4.0"
    object-assign "^4.1.1"
    react-is "^16.13.1"

query-string@^7.1.1:
  version "7.1.3"
  resolved "https://registry.yarnpkg.com/query-string/-/query-string-7.1.3.tgz#a1cf90e994abb113a325804a972d98276fe02328"
  integrity sha512-hh2WYhq4fi8+b+/2Kg9CEge4fDPvHS534aOOvOZeQ3+Vf2mCFsaFBYj0i+iXcAq6I9Vzp5fjMFBlONvayDC1qg==
  dependencies:
    decode-uri-component "^0.2.2"
    filter-obj "^1.1.0"
    split-on-first "^1.0.0"
    strict-uri-encode "^2.0.0"

raf@^3.4.1:
  version "3.4.1"
  resolved "https://registry.yarnpkg.com/raf/-/raf-3.4.1.tgz#0742e99a4a6552f445d73e3ee0328af0ff1ede39"
  integrity sha512-Sq4CW4QhwOHE8ucn6J34MqtZCeWFP2aQSmrlroYgqAV1PjStIhJXxYuTgUIfkEk7zTLjmIjLmU5q+fbD1NnOJA==
  dependencies:
    performance-now "^2.1.0"

react-is@^16.13.1:
  version "16.13.1"
  resolved "https://registry.yarnpkg.com/react-is/-/react-is-16.13.1.tgz#789729a4dc36de2999dc156dd6c1d9c18cea56a4"
  integrity sha512-24e6ynE2H+OKt4kqsOvNd8kBpV65zoxbA4BVsEOB3ARVWQki/DHzaUoC5KuON/BiccDaCCTZBuOcfZs70kR8bQ==

react@16.8.3:
  version "16.8.3"
  resolved "https://registry.yarnpkg.com/react/-/react-16.8.3.tgz#c6f988a2ce895375de216edcfaedd6b9a76451d9"
  integrity sha512-3UoSIsEq8yTJuSu0luO1QQWYbgGEILm+eJl2QN/VLDi7hL+EN18M3q3oVZwmVzzBJ3DkM7RMdRwBmZZ+b4IzSA==
  dependencies:
    loose-envify "^1.1.0"
    object-assign "^4.1.1"
    prop-types "^15.6.2"
    scheduler "^0.13.3"

regenerator-runtime@^0.14.0:
  version "0.14.1"
  resolved "https://registry.yarnpkg.com/regenerator-runtime/-/regenerator-runtime-0.14.1.tgz#356ade10263f685dda125100cd862c1db895327f"
  integrity sha512-dYnhHh0nJoMfnkZs6GmmhFknAGRrLznOu5nc9ML+EJxGvrx6H7teuevqVqCuPcPK//3eDrrjQhehXVx9cnkGdw==

resolve-pathname@^3.0.0:
  version "3.0.0"
  resolved "https://registry.yarnpkg.com/resolve-pathname/-/resolve-pathname-3.0.0.tgz#99d02224d3cf263689becbb393bc560313025dcd"
  integrity sha512-C7rARubxI8bXFNB/hqcp/4iUeIXJhJZvFPFPiSPRnhU5UPxzMFIl+2E6yY6c4k9giDJAhtV+enfA+G89N6Csng==

scheduler@^0.13.3:
  version "0.13.6"
  resolved "https://registry.yarnpkg.com/scheduler/-/scheduler-0.13.6.tgz#466a4ec332467b31a91b9bf74e5347072e4cd889"
  integrity sha512-IWnObHt413ucAYKsD9J1QShUKkbKLQQHdxRyw73sw4FN26iWr3DY/H34xGPe4nmL1DwXyWmSWmMrA9TfQbE/XQ==
  dependencies:
    loose-envify "^1.1.0"
    object-assign "^4.1.1"

source-map-js@^1.2.1:
  version "1.2.1"
  resolved "https://registry.yarnpkg.com/source-map-js/-/source-map-js-1.2.1.tgz#1ce5650fddd87abc099eda37dcff024c2667ae46"
  integrity sha512-UXWMKhLOwVKb728IUtQPXxfYU+usdybtUrK/8uGE8CQMvrhOpwvzDBwj0QhSL7MQc7vIsISBG8VQ8+IDQxpfQA==

split-on-first@^1.0.0:
  version "1.1.0"
  resolved "https://registry.yarnpkg.com/split-on-first/-/split-on-first-1.1.0.tgz#f610afeee3b12bce1d0c30425e76398b78249a5f"
  integrity sha512-43ZssAJaMusuKWL8sKUBQXHWOpq8d6CfN/u1p4gUzfJkM05C8rxTmYrkIPTXapZpORA6LkkzcUulJ8FqA7Uudw==

ssr-window@^3.0.0, ssr-window@^3.0.0-alpha.1:
  version "3.0.0"
  resolved "https://registry.yarnpkg.com/ssr-window/-/ssr-window-3.0.0.tgz#fd5b82801638943e0cc704c4691801435af7ac37"
  integrity sha512-q+8UfWDg9Itrg0yWK7oe5p/XRCJpJF9OBtXfOPgSJl+u3Xd5KI328RUEvUqSMVM9CiQUEf1QdBzJMkYGErj9QA==

strict-uri-encode@^2.0.0:
  version "2.0.0"
  resolved "https://registry.yarnpkg.com/strict-uri-encode/-/strict-uri-encode-2.0.0.tgz#b9c7330c7042862f6b142dc274bbcc5866ce3546"
  integrity sha512-QwiXZgpRcKkhTj2Scnn++4PKtWsH0kpzZ62L2R6c/LUVYv7hVnZqcg2+sMuT6R7Jusu1vviK/MFsu6kNJfWlEQ==

swiper@6.8.0:
  version "6.8.0"
  resolved "https://registry.yarnpkg.com/swiper/-/swiper-6.8.0.tgz#61c850f49ba778e403f00a01fe0b768bd85d0d20"
  integrity sha512-6H3e7VOihasMp8sPXNhRDkc61UD0XeFlefbWfUHecBLBTtmA+9WxJiKDBMdzgetK1cny+5+mKfVcsmxYgnEDSw==
  dependencies:
    dom7 "^3.0.0"
    ssr-window "^3.0.0"

tslib@^2.6.2:
  version "2.8.1"
  resolved "https://registry.yarnpkg.com/tslib/-/tslib-2.8.1.tgz#612efe4ed235d567e8aba5f2a5fab70280ade83f"
  integrity sha512-oJFu94HQb+KVduSUQL7wnpmqnfmLsOA/nAh6b6EH0wCEoK0/mPeXU6c3wKDV83MkOuHPRHtSXKKU99IBazS/2w==

universal-router@^8.3.0:
  version "8.3.0"
  resolved "https://registry.yarnpkg.com/universal-router/-/universal-router-8.3.0.tgz#533bce135d7b1abf591421c5d2028d54407a34a0"
  integrity sha512-cBkihRoHvRQAjdUnDE1GGuuw/TPAIi8z2pEsSmUVAWLeZdgjHzzAb1+0VOO6NvBOvySItOTQikzaGlRxRdJBnA==
  dependencies:
    path-to-regexp "^3.1.0"

whatwg-fetch@^2.0.4:
  version "2.0.4"
  resolved "https://registry.yarnpkg.com/whatwg-fetch/-/whatwg-fetch-2.0.4.tgz#dde6a5df315f9d39991aa17621853d720b85566f"
  integrity sha512-dcQ1GWpOD/eEQ97k66aiEVpNnapVj90/+R+SXTPYGHpYBBypfKJEQjLrvMZ7YXbKm21gXd4NcuxUTjiv1YtLng==
